{
  "name": "pmud-pokedleai",
  "version": "1.0.0",
  "lockfileVersion": 3,
  "requires": true,
  "packages": {
    "": {
      "name": "pmud-pokedleai",
      "version": "1.0.0",
      "license": "ISC",
      "dependencies": {
        "canvas-confetti": "^1.9.1",
        "jquery": "^3.7.1"
      },
      "devDependencies": {
        "@types/canvas-confetti": "^1.6.3",
        "@types/jquery": "^3.5.27",
        "typescript": "^5.2.2"
      }
    },
    "node_modules/@types/canvas-confetti": {
      "version": "1.6.3",
      "resolved": "https://registry.npmjs.org/@types/canvas-confetti/-/canvas-confetti-1.6.3.tgz",
      "integrity": "sha512-yKVMDzWJ6g0s8TDI3VERfLMCOh0oHqZUnfK+o3VVjR2mFsLynUgb2lR+3IRaEJMza3BKbV9pkoirmM23YhKozA==",
      "dev": true
    },
    "node_modules/@types/jquery": {
      "version": "3.5.27",
      "resolved": "https://registry.npmjs.org/@types/jquery/-/jquery-3.5.27.tgz",
      "integrity": "sha512-TR28Y8ezIGgfyA02UOh9x+Fy16/1qWYAnvtRd2gTBJuccX/vmddyti0MezLkTv7f+OLofVc2T961VPyKv1tXJQ==",
      "dev": true,
      "dependencies": {
        "@types/sizzle": "*"
      }
    },
    "node_modules/@types/sizzle": {
      "version": "2.3.6",
      "resolved": "https://registry.npmjs.org/@types/sizzle/-/sizzle-2.3.6.tgz",
      "integrity": "sha512-m04Om5Gz6kbjUwAQ7XJJQ30OdEFsSmAVsvn4NYwcTRyMVpKKa1aPuESw1n2CxS5fYkOQv3nHgDKeNa8e76fUkw==",
      "dev": true
    },
    "node_modules/canvas-confetti": {
      "version": "1.9.1",
      "resolved": "https://registry.npmjs.org/canvas-confetti/-/canvas-confetti-1.9.1.tgz",
      "integrity": "sha512-jieDCn9OnPgFu5q+rbOGUmIGOjzgOnecW1/6KH07kAFAMwOczcTc4clde9pdyUPIAd/2wxZ8C5u7mBAcOpGK8Q==",
      "funding": {
        "type": "donate",
        "url": "https://www.paypal.me/kirilvatev"
      }
    },
    "node_modules/jquery": {
      "version": "3.7.1",
      "resolved": "https://registry.npmjs.org/jquery/-/jquery-3.7.1.tgz",
      "integrity": "sha512-m4avr8yL8kmFN8psrbFFFmB/If14iN5o9nw/NgnnM+kybDJpRsAynV2BsfpTYrTRysYUdADVD7CkUUizgkpLfg=="
    },
    "node_modules/typescript": {
      "version": "5.2.2",
      "resolved": "https://registry.npmjs.org/typescript/-/typescript-5.2.2.tgz",
      "integrity": "sha512-mI4WrpHsbCIcwT9cF4FZvr80QUeKvsUsUvKDoR+X/7XHQH98xYD8YHZg7ANtz2GtZt/CBq2QJ0thkGJMHfqc1w==",
      "dev": true,
      "bin": {
        "tsc": "bin/tsc",
        "tsserver": "bin/tsserver"
      },
      "engines": {
        "node": ">=14.17"
      }
    }
  }
}
